// !$*UTF8*$!
{
	archiveVersion = 1;
	classes = {
	};
	objectVersion = 51;
	objects = {

/* Begin PBXBuildFile section */
		07CD409AEFD27F307412996C /* Pods_OkChat.framework in Frameworks */ = {isa = PBXBuildFile; fileRef = 1925DBADB1B16CEC24ACB91E /* Pods_OkChat.framework */; };
		D36A1E8124423422001B5B05 /* Utilities.swift in Sources */ = {isa = PBXBuildFile; fileRef = D36A1E8024423422001B5B05 /* Utilities.swift */; };
		D3947121239991BA000DEC8A /* AppDelegate.swift in Sources */ = {isa = PBXBuildFile; fileRef = D3947120239991BA000DEC8A /* AppDelegate.swift */; };
		D3947123239991BA000DEC8A /* SceneDelegate.swift in Sources */ = {isa = PBXBuildFile; fileRef = D3947122239991BA000DEC8A /* SceneDelegate.swift */; };
		D3947125239991BA000DEC8A /* ViewController.swift in Sources */ = {isa = PBXBuildFile; fileRef = D3947124239991BA000DEC8A /* ViewController.swift */; };
		D3947128239991BA000DEC8A /* Main.storyboard in Resources */ = {isa = PBXBuildFile; fileRef = D3947126239991BA000DEC8A /* Main.storyboard */; };
		D394712A239991BC000DEC8A /* Assets.xcassets in Resources */ = {isa = PBXBuildFile; fileRef = D3947129239991BC000DEC8A /* Assets.xcassets */; };
		D394712D239991BC000DEC8A /* LaunchScreen.storyboard in Resources */ = {isa = PBXBuildFile; fileRef = D394712B239991BC000DEC8A /* LaunchScreen.storyboard */; };
		D3947137239998BC000DEC8A /* LoginRegisterViewController.swift in Sources */ = {isa = PBXBuildFile; fileRef = D3947136239998BC000DEC8A /* LoginRegisterViewController.swift */; };
		D39A73E124439CAE000A32FC /* Constant.swift in Sources */ = {isa = PBXBuildFile; fileRef = D39A73E024439CAE000A32FC /* Constant.swift */; };
		D39A73E32443AC9D000A32FC /* GoogleService-Info.plist in Resources */ = {isa = PBXBuildFile; fileRef = D39A73E22443AC9D000A32FC /* GoogleService-Info.plist */; };
/* End PBXBuildFile section */

/* Begin PBXFileReference section */
		02D34E33522EDE6F3121F11A /* Pods-OkChat.release.xcconfig */ = {isa = PBXFileReference; includeInIndex = 1; lastKnownFileType = text.xcconfig; name = "Pods-OkChat.release.xcconfig"; path = "Target Support Files/Pods-OkChat/Pods-OkChat.release.xcconfig"; sourceTree = "<group>"; };
		1925DBADB1B16CEC24ACB91E /* Pods_OkChat.framework */ = {isa = PBXFileReference; explicitFileType = wrapper.framework; includeInIndex = 0; path = Pods_OkChat.framework; sourceTree = BUILT_PRODUCTS_DIR; };
		7568A68173C3397044E1C62E /* Pods-OkChat.debug.xcconfig */ = {isa = PBXFileReference; includeInIndex = 1; lastKnownFileType = text.xcconfig; name = "Pods-OkChat.debug.xcconfig"; path = "Target Support Files/Pods-OkChat/Pods-OkChat.debug.xcconfig"; sourceTree = "<group>"; };
		D36A1E8024423422001B5B05 /* Utilities.swift */ = {isa = PBXFileReference; lastKnownFileType = sourcecode.swift; path = Utilities.swift; sourceTree = "<group>"; };
		D394711D239991BA000DEC8A /* OkChat.app */ = {isa = PBXFileReference; explicitFileType = wrapper.application; includeInIndex = 0; path = OkChat.app; sourceTree = BUILT_PRODUCTS_DIR; };
		D3947120239991BA000DEC8A /* AppDelegate.swift */ = {isa = PBXFileReference; lastKnownFileType = sourcecode.swift; path = AppDelegate.swift; sourceTree = "<group>"; };
		D3947122239991BA000DEC8A /* SceneDelegate.swift */ = {isa = PBXFileReference; lastKnownFileType = sourcecode.swift; path = SceneDelegate.swift; sourceTree = "<group>"; };
		D3947124239991BA000DEC8A /* ViewController.swift */ = {isa = PBXFileReference; lastKnownFileType = sourcecode.swift; path = ViewController.swift; sourceTree = "<group>"; };
		D3947127239991BA000DEC8A /* Base */ = {isa = PBXFileReference; lastKnownFileType = file.storyboard; name = Base; path = Base.lproj/Main.storyboard; sourceTree = "<group>"; };
		D3947129239991BC000DEC8A /* Assets.xcassets */ = {isa = PBXFileReference; lastKnownFileType = folder.assetcatalog; path = Assets.xcassets; sourceTree = "<group>"; };
		D394712C239991BC000DEC8A /* Base */ = {isa = PBXFileReference; lastKnownFileType = file.storyboard; name = Base; path = Base.lproj/LaunchScreen.storyboard; sourceTree = "<group>"; };
		D394712E239991BC000DEC8A /* Info.plist */ = {isa = PBXFileReference; lastKnownFileType = text.plist.xml; path = Info.plist; sourceTree = "<group>"; };
		D3947136239998BC000DEC8A /* LoginRegisterViewController.swift */ = {isa = PBXFileReference; lastKnownFileType = sourcecode.swift; path = LoginRegisterViewController.swift; sourceTree = "<group>"; };
		D39A73E024439CAE000A32FC /* Constant.swift */ = {isa = PBXFileReference; lastKnownFileType = sourcecode.swift; path = Constant.swift; sourceTree = "<group>"; };
		D39A73E22443AC9D000A32FC /* GoogleService-Info.plist */ = {isa = PBXFileReference; fileEncoding = 4; lastKnownFileType = text.plist.xml; name = "GoogleService-Info.plist"; path = "../../../Downloads/GoogleService-Info.plist"; sourceTree = "<group>"; };
/* End PBXFileReference section */

/* Begin PBXFrameworksBuildPhase section */
		D394711A239991BA000DEC8A /* Frameworks */ = {
			isa = PBXFrameworksBuildPhase;
			buildActionMask = 2147483647;
			files = (
				07CD409AEFD27F307412996C /* Pods_OkChat.framework in Frameworks */,
			);
			runOnlyForDeploymentPostprocessing = 0;
		};
/* End PBXFrameworksBuildPhase section */

/* Begin PBXGroup section */
		24D678018F7E64ACC41F3FBB /* Frameworks */ = {
			isa = PBXGroup;
			children = (
				1925DBADB1B16CEC24ACB91E /* Pods_OkChat.framework */,
			);
			name = Frameworks;
			sourceTree = "<group>";
		};
		D3947114239991B9000DEC8A = {
			isa = PBXGroup;
			children = (
				D394711F239991BA000DEC8A /* OkChat */,
				D394711E239991BA000DEC8A /* Products */,
				DC3560682E22C58AE7783C89 /* Pods */,
				24D678018F7E64ACC41F3FBB /* Frameworks */,
			);
			sourceTree = "<group>";
		};
		D394711E239991BA000DEC8A /* Products */ = {
			isa = PBXGroup;
			children = (
				D394711D239991BA000DEC8A /* OkChat.app */,
			);
			name = Products;
			sourceTree = "<group>";
		};
		D394711F239991BA000DEC8A /* OkChat */ = {
			isa = PBXGroup;
			children = (
				D39A73E22443AC9D000A32FC /* GoogleService-Info.plist */,
				D3947120239991BA000DEC8A /* AppDelegate.swift */,
				D3947122239991BA000DEC8A /* SceneDelegate.swift */,
				D3947124239991BA000DEC8A /* ViewController.swift */,
				D3947126239991BA000DEC8A /* Main.storyboard */,
				D3947129239991BC000DEC8A /* Assets.xcassets */,
				D394712B239991BC000DEC8A /* LaunchScreen.storyboard */,
				D394712E239991BC000DEC8A /* Info.plist */,
				D3947136239998BC000DEC8A /* LoginRegisterViewController.swift */,
				D36A1E8024423422001B5B05 /* Utilities.swift */,
				D39A73E024439CAE000A32FC /* Constant.swift */,
			);
			path = OkChat;
			sourceTree = "<group>";
		};
		DC3560682E22C58AE7783C89 /* Pods */ = {
			isa = PBXGroup;
			children = (
				7568A68173C3397044E1C62E /* Pods-OkChat.debug.xcconfig */,
				02D34E33522EDE6F3121F11A /* Pods-OkChat.release.xcconfig */,
			);
			path = Pods;
			sourceTree = "<group>";
		};
/* End PBXGroup section */

/* Begin PBXNativeTarget section */
		D394711C239991BA000DEC8A /* OkChat */ = {
			isa = PBXNativeTarget;
			buildConfigurationList = D3947131239991BC000DEC8A /* Build configuration list for PBXNativeTarget "OkChat" */;
			buildPhases = (
				93D4D09EAC9F7D2CB946633F /* [CP] Check Pods Manifest.lock */,
				D3947119239991BA000DEC8A /* Sources */,
				D394711A239991BA000DEC8A /* Frameworks */,
				D394711B239991BA000DEC8A /* Resources */,
				3B62DCD0F5309FF4A42D3E00 /* [CP] Embed Pods Frameworks */,
			);
			buildRules = (
			);
			dependencies = (
			);
			name = OkChat;
			productName = OkChat;
			productReference = D394711D239991BA000DEC8A /* OkChat.app */;
			productType = "com.apple.product-type.application";
		};
/* End PBXNativeTarget section */

/* Begin PBXProject section */
		D3947115239991B9000DEC8A /* Project object */ = {
			isa = PBXProject;
			attributes = {
				LastSwiftUpdateCheck = 1120;
				LastUpgradeCheck = 1120;
				ORGANIZATIONNAME = "Abhishek Thakur";
				TargetAttributes = {
					D394711C239991BA000DEC8A = {
						CreatedOnToolsVersion = 11.2.1;
					};
				};
			};
			buildConfigurationList = D3947118239991B9000DEC8A /* Build configuration list for PBXProject "OkChat" */;
			compatibilityVersion = "Xcode 9.3";
			developmentRegion = en;
			hasScannedForEncodings = 0;
			knownRegions = (
				en,
				Base,
			);
			mainGroup = D3947114239991B9000DEC8A;
			productRefGroup = D394711E239991BA000DEC8A /* Products */;
			projectDirPath = "";
			projectRoot = "";
			targets = (
				D394711C239991BA000DEC8A /* OkChat */,
			);
		};
/* End PBXProject section */

/* Begin PBXResourcesBuildPhase section */
		D394711B239991BA000DEC8A /* Resources */ = {
			isa = PBXResourcesBuildPhase;
			buildActionMask = 2147483647;
			files = (
				D394712D239991BC000DEC8A /* LaunchScreen.storyboard in Resources */,
				D39A73E32443AC9D000A32FC /* GoogleService-Info.plist in Resources */,
				D394712A239991BC000DEC8A /* Assets.xcassets in Resources */,
				D3947128239991BA000DEC8A /* Main.storyboard in Resources */,
			);
			runOnlyForDeploymentPostprocessing = 0;
		};
/* End PBXResourcesBuildPhase section */

/* Begin PBXShellScriptBuildPhase section */
		3B62DCD0F5309FF4A42D3E00 /* [CP] Embed Pods Frameworks */ = {
			isa = PBXShellScriptBuildPhase;
			buildActionMask = 2147483647;
			files = (
			);
			inputFileListPaths = (
				"${PODS_ROOT}/Target Support Files/Pods-OkChat/Pods-OkChat-frameworks-${CONFIGURATION}-input-files.xcfilelist",
			);
			name = "[CP] Embed Pods Frameworks";
			outputFileListPaths = (
				"${PODS_ROOT}/Target Support Files/Pods-OkChat/Pods-OkChat-frameworks-${CONFIGURATION}-output-files.xcfilelist",
			);
			runOnlyForDeploymentPostprocessing = 0;
			shellPath = /bin/sh;
			shellScript = "\"${PODS_ROOT}/Target Support Files/Pods-OkChat/Pods-OkChat-frameworks.sh\"\n";
			showEnvVarsInLog = 0;
		};
		93D4D09EAC9F7D2CB946633F /* [CP] Check Pods Manifest.lock */ = {
			isa = PBXShellScriptBuildPhase;
			buildActionMask = 2147483647;
			files = (
			);
			inputFileListPaths = (
			);
			inputPaths = (
				"${PODS_PODFILE_DIR_PATH}/Podfile.lock",
				"${PODS_ROOT}/Manifest.lock",
			);
			name = "[CP] Check Pods Manifest.lock";
			outputFileListPaths = (
			);
			outputPaths = (
				"$(DERIVED_FILE_DIR)/Pods-OkChat-checkManifestLockResult.txt",
			);
			runOnlyForDeploymentPostprocessing = 0;
			shellPath = /bin/sh;
			shellScript = "diff \"${PODS_PODFILE_DIR_PATH}/Podfile.lock\" \"${PODS_ROOT}/Manifest.lock\" > /dev/null\nif [ $? != 0 ] ; then\n    # print error to STDERR\n    echo \"error: The sandbox is not in sync with the Podfile.lock. Run 'pod install' or update your CocoaPods installation.\" >&2\n    exit 1\nfi\n# This output is used by Xcode 'outputs' to avoid re-running this script phase.\necho \"SUCCESS\" > \"${SCRIPT_OUTPUT_FILE_0}\"\n";
			showEnvVarsInLog = 0;
		};
/* End PBXShellScriptBuildPhase section */

/* Begin PBXSourcesBuildPhase section */
		D3947119239991BA000DEC8A /* Sources */ = {
			isa = PBXSourcesBuildPhase;
			buildActionMask = 2147483647;
			files = (
				D3947125239991BA000DEC8A /* ViewController.swift in Sources */,
				D3947121239991BA000DEC8A /* AppDelegate.swift in Sources */,
				D3947123239991BA000DEC8A /* SceneDelegate.swift in Sources */,
				D36A1E8124423422001B5B05 /* Utilities.swift in Sources */,
				D3947137239998BC000DEC8A /* LoginRegisterViewController.swift in Sources */,
				D39A73E124439CAE000A32FC /* Constant.swift in Sources */,
			);
			runOnlyForDeploymentPostprocessing = 0;
		};
/* End PBXSourcesBuildPhase section */

/* Begin PBXVariantGroup section */
		D3947126239991BA000DEC8A /* Main.storyboard */ = {
			isa = PBXVariantGroup;
			children = (
				D3947127239991BA000DEC8A /* Base */,
			);
			name = Main.storyboard;
			sourceTree = "<group>";
		};
		D394712B239991BC000DEC8A /* LaunchScreen.storyboard */ = {
			isa = PBXVariantGroup;
			children = (
				D394712C239991BC000DEC8A /* Base */,
			);
			name = LaunchScreen.storyboard;
			sourceTree = "<group>";
		};
/* End PBXVariantGroup section */

/* Begin XCBuildConfiguration section */
		D394712F239991BC000DEC8A /* Debug */ = {
			isa = XCBuildConfiguration;
			buildSettings = {
				ALWAYS_SEARCH_USER_PATHS = NO;
				CLANG_ANALYZER_NONNULL = YES;
				CLANG_ANALYZER_NUMBER_OBJECT_CONVERSION = YES_AGGRESSIVE;
				CLANG_CXX_LANGUAGE_STANDARD = "gnu++14";
				CLANG_CXX_LIBRARY = "libc++";
				CLANG_ENABLE_MODULES = YES;
				CLANG_ENABLE_OBJC_ARC = YES;
				CLANG_ENABLE_OBJC_WEAK = YES;
				CLANG_WARN_BLOCK_CAPTURE_AUTORELEASING = YES;
				CLANG_WARN_BOOL_CONVERSION = YES;
				CLANG_WARN_COMMA = YES;
				CLANG_WARN_CONSTANT_CONVERSION = YES;
				CLANG_WARN_DEPRECATED_OBJC_IMPLEMENTATIONS = YES;
				CLANG_WARN_DIRECT_OBJC_ISA_USAGE = YES_ERROR;
				CLANG_WARN_DOCUMENTATION_COMMENTS = YES;
				CLANG_WARN_EMPTY_BODY = YES;
				CLANG_WARN_ENUM_CONVERSION = YES;
				CLANG_WARN_INFINITE_RECURSION = YES;
				CLANG_WARN_INT_CONVERSION = YES;
				CLANG_WARN_NON_LITERAL_NULL_CONVERSION = YES;
				CLANG_WARN_OBJC_IMPLICIT_RETAIN_SELF = YES;
				CLANG_WARN_OBJC_LITERAL_CONVERSION = YES;
				CLANG_WARN_OBJC_ROOT_CLASS = YES_ERROR;
				CLANG_WARN_RANGE_LOOP_ANALYSIS = YES;
				CLANG_WARN_STRICT_PROTOTYPES = YES;
				CLANG_WARN_SUSPICIOUS_MOVE = YES;
				CLANG_WARN_UNGUARDED_AVAILABILITY = YES_AGGRESSIVE;
				CLANG_WARN_UNREACHABLE_CODE = YES;
				CLANG_WARN__DUPLICATE_METHOD_MATCH = YES;
				COPY_PHASE_STRIP = NO;
				DEBUG_INFORMATION_FORMAT = dwarf;
				ENABLE_STRICT_OBJC_MSGSEND = YES;
				ENABLE_TESTABILITY = YES;
				GCC_C_LANGUAGE_STANDARD = gnu11;
				GCC_DYNAMIC_NO_PIC = NO;
				GCC_NO_COMMON_BLOCKS = YES;
				GCC_OPTIMIZATION_LEVEL = 0;
				GCC_PREPROCESSOR_DEFINITIONS = (
					"DEBUG=1",
					"$(inherited)",
				);
				GCC_WARN_64_TO_32_BIT_CONVERSION = YES;
				GCC_WARN_ABOUT_RETURN_TYPE = YES_ERROR;
				GCC_WARN_UNDECLARED_SELECTOR = YES;
				GCC_WARN_UNINITIALIZED_AUTOS = YES_AGGRESSIVE;
				GCC_WARN_UNUSED_FUNCTION = YES;
				GCC_WARN_UNUSED_VARIABLE = YES;
				IPHONEOS_DEPLOYMENT_TARGET = 13.2;
				MTL_ENABLE_DEBUG_INFO = INCLUDE_SOURCE;
				MTL_FAST_MATH = YES;
				ONLY_ACTIVE_ARCH = YES;
				SDKROOT = iphoneos;
				SWIFT_ACTIVE_COMPILATION_CONDITIONS = DEBUG;
				SWIFT_OPTIMIZATION_LEVEL = "-Onone";
			};
			name = Debug;
		};
		D3947130239991BC000DEC8A /* Release */ = {
			isa = XCBuildConfiguration;
			buildSettings = {
				ALWAYS_SEARCH_USER_PATHS = NO;
				CLANG_ANALYZER_NONNULL = YES;
				CLANG_ANALYZER_NUMBER_OBJECT_CONVERSION = YES_AGGRESSIVE;
				CLANG_CXX_LANGUAGE_STANDARD = "gnu++14";
				CLANG_CXX_LIBRARY = "libc++";
				CLANG_ENABLE_MODULES = YES;
				CLANG_ENABLE_OBJC_ARC = YES;
				CLANG_ENABLE_OBJC_WEAK = YES;
				CLANG_WARN_BLOCK_CAPTURE_AUTORELEASING = YES;
				CLANG_WARN_BOOL_CONVERSION = YES;
				CLANG_WARN_COMMA = YES;
				CLANG_WARN_CONSTANT_CONVERSION = YES;
				CLANG_WARN_DEPRECATED_OBJC_IMPLEMENTATIONS = YES;
				CLANG_WARN_DIRECT_OBJC_ISA_USAGE = YES_ERROR;
				CLANG_WARN_DOCUMENTATION_COMMENTS = YES;
				CLANG_WARN_EMPTY_BODY = YES;
				CLANG_WARN_ENUM_CONVERSION = YES;
				CLANG_WARN_INFINITE_RECURSION = YES;
				CLANG_WARN_INT_CONVERSION = YES;
				CLANG_WARN_NON_LITERAL_NULL_CONVERSION = YES;
				CLANG_WARN_OBJC_IMPLICIT_RETAIN_SELF = YES;
				CLANG_WARN_OBJC_LITERAL_CONVERSION = YES;
				CLANG_WARN_OBJC_ROOT_CLASS = YES_ERROR;
				CLANG_WARN_RANGE_LOOP_ANALYSIS = YES;
				CLANG_WARN_STRICT_PROTOTYPES = YES;
				CLANG_WARN_SUSPICIOUS_MOVE = YES;
				CLANG_WARN_UNGUARDED_AVAILABILITY = YES_AGGRESSIVE;
				CLANG_WARN_UNREACHABLE_CODE = YES;
				CLANG_WARN__DUPLICATE_METHOD_MATCH = YES;
				COPY_PHASE_STRIP = NO;
				DEBUG_INFORMATION_FORMAT = "dwarf-with-dsym";
				ENABLE_NS_ASSERTIONS = NO;
				ENABLE_STRICT_OBJC_MSGSEND = YES;
				GCC_C_LANGUAGE_STANDARD = gnu11;
				GCC_NO_COMMON_BLOCKS = YES;
				GCC_WARN_64_TO_32_BIT_CONVERSION = YES;
				GCC_WARN_ABOUT_RETURN_TYPE = YES_ERROR;
				GCC_WARN_UNDECLARED_SELECTOR = YES;
				GCC_WARN_UNINITIALIZED_AUTOS = YES_AGGRESSIVE;
				GCC_WARN_UNUSED_FUNCTION = YES;
				GCC_WARN_UNUSED_VARIABLE = YES;
				IPHONEOS_DEPLOYMENT_TARGET = 13.2;
				MTL_ENABLE_DEBUG_INFO = NO;
				MTL_FAST_MATH = YES;
				SDKROOT = iphoneos;
				SWIFT_COMPILATION_MODE = wholemodule;
				SWIFT_OPTIMIZATION_LEVEL = "-O";
				VALIDATE_PRODUCT = YES;
			};
			name = Release;
		};
		D3947132239991BC000DEC8A /* Debug */ = {
			isa = XCBuildConfiguration;
			baseConfigurationReference = 7568A68173C3397044E1C62E /* Pods-OkChat.debug.xcconfig */;
			buildSettings = {
				ASSETCATALOG_COMPILER_APPICON_NAME = AppIcon;
				CODE_SIGN_STYLE = Automatic;
				DEVELOPMENT_TEAM = N6QV7KUU28;
				INFOPLIST_FILE = OkChat/Info.plist;
				LD_RUNPATH_SEARCH_PATHS = (
					"$(inherited)",
					"@executable_path/Frameworks",
				);
				PRODUCT_BUNDLE_IDENTIFIER = com.abhishekthakur.OkChat;
				PRODUCT_NAME = "$(TARGET_NAME)";
				SWIFT_VERSION = 5.0;
				TARGETED_DEVICE_FAMILY = "1,2";
			};
			name = Debug;
		};
		D3947133239991BC000DEC8A /* Release */ = {
			isa = XCBuildConfiguration;
			baseConfigurationReference = 02D34E33522EDE6F3121F11A /* Pods-OkChat.release.xcconfig */;
			buildSettings = {
				ASSETCATALOG_COMPILER_APPICON_NAME = AppIcon;
				CODE_SIGN_STYLE = Automatic;
				DEVELOPMENT_TEAM = N6QV7KUU28;
				INFOPLIST_FILE = OkChat/Info.plist;
				LD_RUNPATH_SEARCH_PATHS = (
					"$(inherited)",
					"@executable_path/Frameworks",
				);
				PRODUCT_BUNDLE_IDENTIFIER = com.abhishekthakur.OkChat;
				PRODUCT_NAME = "$(TARGET_NAME)";
				SWIFT_VERSION = 5.0;
				TARGETED_DEVICE_FAMILY = "1,2";
			};
			name = Release;
		};
/* End XCBuildConfiguration section */

/* Begin XCConfigurationList section */
		D3947118239991B9000DEC8A /* Build configuration list for PBXProject "OkChat" */ = {
			isa = XCConfigurationList;
			buildConfigurations = (
				D394712F239991BC000DEC8A /* Debug */,
				D3947130239991BC000DEC8A /* Release */,
			);
			defaultConfigurationIsVisible = 0;
			defaultConfigurationName = Release;
		};
		D3947131239991BC000DEC8A /* Build configuration list for PBXNativeTarget "OkChat" */ = {
			isa = XCConfigurationList;
			buildConfigurations = (
				D3947132239991BC000DEC8A /* Debug */,
				D3947133239991BC000DEC8A /* Release */,
			);
			defaultConfigurationIsVisible = 0;
			defaultConfigurationName = Release;
		};
/* End XCConfigurationList section */
	};
	rootObject = D3947115239991B9000DEC8A /* Project object */;
}
